// !$*UTF8*$!
{
	archiveVersion = 1;
	classes = {
	};
	objectVersion = 46;
	objects = {

/* Begin PBXBuildFile section */
		1610BDD6187D4531AEE6A564 /* MMWormholeSession.m in Sources */ = {isa = PBXBuildFile; fileRef = 1F52E769AD8A4F9C9AE7B8DD /* MMWormholeSession.m */; };
		1D3623260D0F684500981E51 /* AppDelegate.m in Sources */ = {isa = PBXBuildFile; fileRef = 1D3623250D0F684500981E51 /* AppDelegate.m */; };
		1D60589B0D05DD56006BFB54 /* main.m in Sources */ = {isa = PBXBuildFile; fileRef = 29B97316FDCFA39411CA2CEA /* main.m */; };
		1F766FE113BBADB100FB74C0 /* Localizable.strings in Resources */ = {isa = PBXBuildFile; fileRef = 1F766FDC13BBADB100FB74C0 /* Localizable.strings */; };
		240532B913B1446DB8453790 /* MMWormholeSession.h in Sources */ = {isa = PBXBuildFile; fileRef = DCDAB9F346524370B8C73F33 /* MMWormholeSession.h */; };
		288765FD0DF74451002DB57D /* CoreGraphics.framework in Frameworks */ = {isa = PBXBuildFile; fileRef = 288765FC0DF74451002DB57D /* CoreGraphics.framework */; };
		2F12517F1BB40E050032C6C0 /* libCordova.a in Frameworks */ = {isa = PBXBuildFile; fileRef = 301BF535109A57CC0062928A /* libCordova.a */; };
		2F802B271C09C5DA009087EC /* MMWormhole.m in Sources */ = {isa = PBXBuildFile; fileRef = EDE14F6B1C124C79928F13B7 /* MMWormhole.m */; };
		2F802B281C09C5DD009087EC /* MMWormholeCoordinatedFileTransiting.m in Sources */ = {isa = PBXBuildFile; fileRef = E429F20B4FFC4170818A918F /* MMWormholeCoordinatedFileTransiting.m */; };
		2F802B291C09C5E0009087EC /* MMWormholeFileTransiting.m in Sources */ = {isa = PBXBuildFile; fileRef = 1C8D7CB7062C453EA750379A /* MMWormholeFileTransiting.m */; };
		2F802B2A1C09C5E3009087EC /* MMWormholeSession.m in Sources */ = {isa = PBXBuildFile; fileRef = 1F52E769AD8A4F9C9AE7B8DD /* MMWormholeSession.m */; };
		2F802B2B1C09C5E6009087EC /* MMWormholeSessionContextTransiting.m in Sources */ = {isa = PBXBuildFile; fileRef = E22D0C68A4F54C4C80CA840E /* MMWormholeSessionContextTransiting.m */; };
		2F802B2C1C09C5EA009087EC /* MMWormholeSessionFileTransiting.m in Sources */ = {isa = PBXBuildFile; fileRef = AE9910D378DF44ED976A1790 /* MMWormholeSessionFileTransiting.m */; };
		2F802B2D1C09C5EE009087EC /* MMWormholeSessionMessageTransiting.m in Sources */ = {isa = PBXBuildFile; fileRef = 38E958BE604D4B5AB1220A5C /* MMWormholeSessionMessageTransiting.m */; };
		2FB7CD971B480494001EFFD2 /* InterfaceController.swift in Sources */ = {isa = PBXBuildFile; fileRef = 2FB7CD961B480494001EFFD2 /* InterfaceController.swift */; };
		2FB7CD991B480494001EFFD2 /* NotificationController.swift in Sources */ = {isa = PBXBuildFile; fileRef = 2FB7CD981B480494001EFFD2 /* NotificationController.swift */; };
		2FB7CD9B1B480494001EFFD2 /* GlanceController.swift in Sources */ = {isa = PBXBuildFile; fileRef = 2FB7CD9A1B480494001EFFD2 /* GlanceController.swift */; };
		2FB7CD9D1B480494001EFFD2 /* Images.xcassets in Resources */ = {isa = PBXBuildFile; fileRef = 2FB7CD9C1B480494001EFFD2 /* Images.xcassets */; };
		2FB7CDA11B480494001EFFD2 /* MPD js WatchKit App.app in Resources */ = {isa = PBXBuildFile; fileRef = 2FB7CDA01B480494001EFFD2 /* MPD js WatchKit App.app */; };
		2FB7CDA91B480494001EFFD2 /* Interface.storyboard in Resources */ = {isa = PBXBuildFile; fileRef = 2FB7CDA71B480494001EFFD2 /* Interface.storyboard */; };
		2FB7CDAB1B480494001EFFD2 /* Images.xcassets in Resources */ = {isa = PBXBuildFile; fileRef = 2FB7CDAA1B480494001EFFD2 /* Images.xcassets */; };
		2FB7CDAE1B480494001EFFD2 /* MPD js WatchKit Extension.appex in Embed App Extensions */ = {isa = PBXBuildFile; fileRef = 2FB7CD911B480494001EFFD2 /* MPD js WatchKit Extension.appex */; settings = {ATTRIBUTES = (RemoveHeadersOnCopy, ); }; };
		2FB7CDB61B4813D8001EFFD2 /* AssetsLibrary.framework in Frameworks */ = {isa = PBXBuildFile; fileRef = 5B1594DC16A7569C00FEF299 /* AssetsLibrary.framework */; };
		2FB7CDBA1B481490001EFFD2 /* MobileCoreServices.framework in Frameworks */ = {isa = PBXBuildFile; fileRef = 305D5FD0115AB8F900A74A75 /* MobileCoreServices.framework */; };
		301BF552109A68D80062928A /* libCordova.a in Frameworks */ = {isa = PBXBuildFile; fileRef = 301BF535109A57CC0062928A /* libCordova.a */; };
		302D95F114D2391D003F00A1 /* MainViewController.m in Sources */ = {isa = PBXBuildFile; fileRef = 302D95EF14D2391D003F00A1 /* MainViewController.m */; };
		302D95F214D2391D003F00A1 /* MainViewController.xib in Resources */ = {isa = PBXBuildFile; fileRef = 302D95F014D2391D003F00A1 /* MainViewController.xib */; };
		305D5FD1115AB8F900A74A75 /* MobileCoreServices.framework in Frameworks */ = {isa = PBXBuildFile; fileRef = 305D5FD0115AB8F900A74A75 /* MobileCoreServices.framework */; };
		3088BBBD154F3926009F9C59 /* Default-Landscape@2x~ipad.png in Resources */ = {isa = PBXBuildFile; fileRef = 3088BBB7154F3926009F9C59 /* Default-Landscape@2x~ipad.png */; };
		3088BBBE154F3926009F9C59 /* Default-Landscape~ipad.png in Resources */ = {isa = PBXBuildFile; fileRef = 3088BBB8154F3926009F9C59 /* Default-Landscape~ipad.png */; };
		3088BBBF154F3926009F9C59 /* Default-Portrait@2x~ipad.png in Resources */ = {isa = PBXBuildFile; fileRef = 3088BBB9154F3926009F9C59 /* Default-Portrait@2x~ipad.png */; };
		3088BBC0154F3926009F9C59 /* Default-Portrait~ipad.png in Resources */ = {isa = PBXBuildFile; fileRef = 3088BBBA154F3926009F9C59 /* Default-Portrait~ipad.png */; };
		3088BBC1154F3926009F9C59 /* Default@2x~iphone.png in Resources */ = {isa = PBXBuildFile; fileRef = 3088BBBB154F3926009F9C59 /* Default@2x~iphone.png */; };
		3088BBC2154F3926009F9C59 /* Default~iphone.png in Resources */ = {isa = PBXBuildFile; fileRef = 3088BBBC154F3926009F9C59 /* Default~iphone.png */; };
		308D05371370CCF300D202BF /* icon-72.png in Resources */ = {isa = PBXBuildFile; fileRef = 308D052E1370CCF300D202BF /* icon-72.png */; };
		308D05381370CCF300D202BF /* icon.png in Resources */ = {isa = PBXBuildFile; fileRef = 308D052F1370CCF300D202BF /* icon.png */; };
		308D05391370CCF300D202BF /* icon@2x.png in Resources */ = {isa = PBXBuildFile; fileRef = 308D05301370CCF300D202BF /* icon@2x.png */; };
		30A0434814DC770100060A13 /* Localizable.strings in Resources */ = {isa = PBXBuildFile; fileRef = 30A0434314DC770100060A13 /* Localizable.strings */; };
		30FC414916E50CA1004E6F35 /* icon-72@2x.png in Resources */ = {isa = PBXBuildFile; fileRef = 30FC414816E50CA1004E6F35 /* icon-72@2x.png */; };
		421332618E58429DB205DE5E /* MMWormholeSessionMessageTransiting.h in Sources */ = {isa = PBXBuildFile; fileRef = 7380615534A649038676A400 /* MMWormholeSessionMessageTransiting.h */; };
		49D58CE2740746839C36168F /* MMWormholeCoordinatedFileTransiting.m in Sources */ = {isa = PBXBuildFile; fileRef = E429F20B4FFC4170818A918F /* MMWormholeCoordinatedFileTransiting.m */; };
		586D7C192BB1480D894F959E /* CDVLogger.m in Sources */ = {isa = PBXBuildFile; fileRef = 49B84369EABA4337865246EA /* CDVLogger.m */; };
		5B1594DD16A7569C00FEF299 /* AssetsLibrary.framework in Frameworks */ = {isa = PBXBuildFile; fileRef = 5B1594DC16A7569C00FEF299 /* AssetsLibrary.framework */; };
		5EECBEF7D7184AE9A2A7A586 /* MMWormholeFileTransiting.m in Sources */ = {isa = PBXBuildFile; fileRef = 1C8D7CB7062C453EA750379A /* MMWormholeFileTransiting.m */; };
		689A9D8A494046E5B3D93C6C /* MMWormhole.m in Sources */ = {isa = PBXBuildFile; fileRef = EDE14F6B1C124C79928F13B7 /* MMWormhole.m */; };
		7E7966DE1810823500FA85AD /* icon-40.png in Resources */ = {isa = PBXBuildFile; fileRef = 7E7966D41810823500FA85AD /* icon-40.png */; };
		7E7966DF1810823500FA85AD /* icon-40@2x.png in Resources */ = {isa = PBXBuildFile; fileRef = 7E7966D51810823500FA85AD /* icon-40@2x.png */; };
		7E7966E01810823500FA85AD /* icon-50.png in Resources */ = {isa = PBXBuildFile; fileRef = 7E7966D61810823500FA85AD /* icon-50.png */; };
		7E7966E11810823500FA85AD /* icon-50@2x.png in Resources */ = {isa = PBXBuildFile; fileRef = 7E7966D71810823500FA85AD /* icon-50@2x.png */; };
		7E7966E21810823500FA85AD /* icon-60.png in Resources */ = {isa = PBXBuildFile; fileRef = 7E7966D81810823500FA85AD /* icon-60.png */; };
		7E7966E31810823500FA85AD /* icon-60@2x.png in Resources */ = {isa = PBXBuildFile; fileRef = 7E7966D91810823500FA85AD /* icon-60@2x.png */; };
		7E7966E41810823500FA85AD /* icon-76.png in Resources */ = {isa = PBXBuildFile; fileRef = 7E7966DA1810823500FA85AD /* icon-76.png */; };
		7E7966E51810823500FA85AD /* icon-76@2x.png in Resources */ = {isa = PBXBuildFile; fileRef = 7E7966DB1810823500FA85AD /* icon-76@2x.png */; };
		7E7966E61810823500FA85AD /* icon-small.png in Resources */ = {isa = PBXBuildFile; fileRef = 7E7966DC1810823500FA85AD /* icon-small.png */; };
		7E7966E71810823500FA85AD /* icon-small@2x.png in Resources */ = {isa = PBXBuildFile; fileRef = 7E7966DD1810823500FA85AD /* icon-small@2x.png */; };
		8FC461931BFB4E14BB810D72 /* MMWormholeSessionContextTransiting.m in Sources */ = {isa = PBXBuildFile; fileRef = E22D0C68A4F54C4C80CA840E /* MMWormholeSessionContextTransiting.m */; };
		9317B06777124ABBA296DD13 /* MMWormholeSessionContextTransiting.h in Sources */ = {isa = PBXBuildFile; fileRef = C3C58EB630C84F1A8E8005C4 /* MMWormholeSessionContextTransiting.h */; };
		9A8DBF312AE24DBCB6F30418 /* MMWormholePlugin.m in Sources */ = {isa = PBXBuildFile; fileRef = B0FEBF973ACB4A3CBCC32765 /* MMWormholePlugin.m */; };
		9EB500C1E67F406C9920348A /* MMWormholeTransiting.h in Sources */ = {isa = PBXBuildFile; fileRef = EDAB704119A245689AAAE5AE /* MMWormholeTransiting.h */; };
		A1249B0F382C44F3A93BCE60 /* SocketConnection.m in Sources */ = {isa = PBXBuildFile; fileRef = 14DEA77E637C46B7BF5D4F1B /* SocketConnection.m */; };
		A1643830689D45AB9DAF706C /* Foundation.framework in Frameworks */ = {isa = PBXBuildFile; fileRef = A54DBFB8C9C24F2BBEAF2CA6 /* Foundation.framework */; };
		A56F3A0ADDB9471C9B27E41F /* CDVStatusBar.m in Sources */ = {isa = PBXBuildFile; fileRef = B335F005A5D54E28A691CB85 /* CDVStatusBar.m */; };
		D4A0D8761607E02300AEF8BB /* Default-568h@2x~iphone.png in Resources */ = {isa = PBXBuildFile; fileRef = D4A0D8751607E02300AEF8BB /* Default-568h@2x~iphone.png */; };
		E83C32A3BC9942AA84959F40 /* WatchConnectivity.framework in Frameworks */ = {isa = PBXBuildFile; fileRef = 385221A4EB584A1A865B3882 /* WatchConnectivity.framework */; };
		EECE2A9CCFF64826893D2807 /* MMWormholeSessionFileTransiting.m in Sources */ = {isa = PBXBuildFile; fileRef = AE9910D378DF44ED976A1790 /* MMWormholeSessionFileTransiting.m */; };
		F54D2C3B089B4D1B8D178FB7 /* MMWormholeSessionMessageTransiting.m in Sources */ = {isa = PBXBuildFile; fileRef = 38E958BE604D4B5AB1220A5C /* MMWormholeSessionMessageTransiting.m */; };
		F6E2EDF1011D4C7083C2671C /* MMWormholeSessionFileTransiting.h in Sources */ = {isa = PBXBuildFile; fileRef = 55A80DCBE6A2463D836063C1 /* MMWormholeSessionFileTransiting.h */; };
		FEC3001D595A4C9A9C59C0F4 /* CDVDevice.m in Sources */ = {isa = PBXBuildFile; fileRef = 73E85CE151E648219B3830BB /* CDVDevice.m */; };
/* End PBXBuildFile section */

/* Begin PBXContainerItemProxy section */
		2FB7CDA21B480494001EFFD2 /* PBXContainerItemProxy */ = {
			isa = PBXContainerItemProxy;
			containerPortal = 29B97313FDCFA39411CA2CEA /* Project object */;
			proxyType = 1;
			remoteGlobalIDString = 2FB7CD9F1B480494001EFFD2;
			remoteInfo = "MPD js WatchKit App";
		};
		2FB7CDAC1B480494001EFFD2 /* PBXContainerItemProxy */ = {
			isa = PBXContainerItemProxy;
			containerPortal = 29B97313FDCFA39411CA2CEA /* Project object */;
			proxyType = 1;
			remoteGlobalIDString = 2FB7CD901B480494001EFFD2;
			remoteInfo = "MPD js WatchKit Extension";
		};
		301BF534109A57CC0062928A /* PBXContainerItemProxy */ = {
			isa = PBXContainerItemProxy;
			containerPortal = 301BF52D109A57CC0062928A /* CordovaLib.xcodeproj */;
			proxyType = 2;
			remoteGlobalIDString = D2AAC07E0554694100DB518D;
			remoteInfo = CordovaLib;
		};
		301BF550109A68C00062928A /* PBXContainerItemProxy */ = {
			isa = PBXContainerItemProxy;
			containerPortal = 301BF52D109A57CC0062928A /* CordovaLib.xcodeproj */;
			proxyType = 1;
			remoteGlobalIDString = D2AAC07D0554694100DB518D;
			remoteInfo = CordovaLib;
		};
/* End PBXContainerItemProxy section */

/* Begin PBXCopyFilesBuildPhase section */
		2F7199081B3EEC2D00345E1C /* Embed App Extensions */ = {
			isa = PBXCopyFilesBuildPhase;
			buildActionMask = 2147483647;
			dstPath = "";
			dstSubfolderSpec = 13;
			files = (
				2FB7CDAE1B480494001EFFD2 /* MPD js WatchKit Extension.appex in Embed App Extensions */,
			);
			name = "Embed App Extensions";
			runOnlyForDeploymentPostprocessing = 0;
		};
/* End PBXCopyFilesBuildPhase section */

/* Begin PBXFileReference section */
		14DEA77E637C46B7BF5D4F1B /* SocketConnection.m */ = {isa = PBXFileReference; fileEncoding = 4; lastKnownFileType = sourcecode.c.objc; name = SocketConnection.m; path = org.potpie.mpdjs.socketconnection/SocketConnection.m; sourceTree = "<group>"; };
		1C8D7CB7062C453EA750379A /* MMWormholeFileTransiting.m */ = {isa = PBXFileReference; fileEncoding = 4; lastKnownFileType = sourcecode.c.objc; name = MMWormholeFileTransiting.m; path = org.potpie.mpdjs.mmwormhole/MMWormholeFileTransiting.m; sourceTree = "<group>"; };
		1D3623240D0F684500981E51 /* AppDelegate.h */ = {isa = PBXFileReference; fileEncoding = 4; lastKnownFileType = sourcecode.c.h; path = AppDelegate.h; sourceTree = "<group>"; };
		1D3623250D0F684500981E51 /* AppDelegate.m */ = {isa = PBXFileReference; fileEncoding = 4; lastKnownFileType = sourcecode.c.objc; path = AppDelegate.m; sourceTree = "<group>"; };
		1D6058910D05DD3D006BFB54 /* MPD js.app */ = {isa = PBXFileReference; explicitFileType = wrapper.application; includeInIndex = 0; path = "MPD js.app"; sourceTree = BUILT_PRODUCTS_DIR; };
		1F52E769AD8A4F9C9AE7B8DD /* MMWormholeSession.m */ = {isa = PBXFileReference; fileEncoding = 4; lastKnownFileType = sourcecode.c.objc; name = MMWormholeSession.m; path = org.potpie.mpdjs.mmwormhole/MMWormholeSession.m; sourceTree = "<group>"; };
		1F766FDD13BBADB100FB74C0 /* en */ = {isa = PBXFileReference; lastKnownFileType = text.plist.strings; name = en; path = Localizable.strings; sourceTree = "<group>"; };
		1F766FE013BBADB100FB74C0 /* es */ = {isa = PBXFileReference; lastKnownFileType = text.plist.strings; name = es; path = Localizable.strings; sourceTree = "<group>"; };
		288765FC0DF74451002DB57D /* CoreGraphics.framework */ = {isa = PBXFileReference; lastKnownFileType = wrapper.framework; name = CoreGraphics.framework; path = System/Library/Frameworks/CoreGraphics.framework; sourceTree = SDKROOT; };
		29B97316FDCFA39411CA2CEA /* main.m */ = {isa = PBXFileReference; fileEncoding = 4; lastKnownFileType = sourcecode.c.objc; path = main.m; sourceTree = "<group>"; };
		2A1D966F1C13438B8237E95F /* MMWormholeFileTransiting.h */ = {isa = PBXFileReference; fileEncoding = 4; lastKnownFileType = sourcecode.c.h; name = MMWormholeFileTransiting.h; path = org.potpie.mpdjs.mmwormhole/MMWormholeFileTransiting.h; sourceTree = "<group>"; };
		2FA80D051B52C00F001BC31E /* MPD js.entitlements */ = {isa = PBXFileReference; lastKnownFileType = text.xml; name = "MPD js.entitlements"; path = "MPD js/MPD js.entitlements"; sourceTree = "<group>"; };
		2FB7CD911B480494001EFFD2 /* MPD js WatchKit Extension.appex */ = {isa = PBXFileReference; explicitFileType = "wrapper.app-extension"; includeInIndex = 0; path = "MPD js WatchKit Extension.appex"; sourceTree = BUILT_PRODUCTS_DIR; };
		2FB7CD941B480494001EFFD2 /* Info.plist */ = {isa = PBXFileReference; lastKnownFileType = text.plist.xml; path = Info.plist; sourceTree = "<group>"; };
		2FB7CD951B480494001EFFD2 /* PushNotificationPayload.apns */ = {isa = PBXFileReference; lastKnownFileType = text; path = PushNotificationPayload.apns; sourceTree = "<group>"; };
		2FB7CD961B480494001EFFD2 /* InterfaceController.swift */ = {isa = PBXFileReference; lastKnownFileType = sourcecode.swift; path = InterfaceController.swift; sourceTree = "<group>"; };
		2FB7CD981B480494001EFFD2 /* NotificationController.swift */ = {isa = PBXFileReference; lastKnownFileType = sourcecode.swift; path = NotificationController.swift; sourceTree = "<group>"; };
		2FB7CD9A1B480494001EFFD2 /* GlanceController.swift */ = {isa = PBXFileReference; lastKnownFileType = sourcecode.swift; path = GlanceController.swift; sourceTree = "<group>"; };
		2FB7CD9C1B480494001EFFD2 /* Images.xcassets */ = {isa = PBXFileReference; lastKnownFileType = folder.assetcatalog; path = Images.xcassets; sourceTree = "<group>"; };
		2FB7CDA01B480494001EFFD2 /* MPD js WatchKit App.app */ = {isa = PBXFileReference; explicitFileType = wrapper.application; includeInIndex = 0; path = "MPD js WatchKit App.app"; sourceTree = BUILT_PRODUCTS_DIR; };
		2FB7CDA61B480494001EFFD2 /* Info.plist */ = {isa = PBXFileReference; lastKnownFileType = text.plist.xml; path = Info.plist; sourceTree = "<group>"; };
		2FB7CDA81B480494001EFFD2 /* Base */ = {isa = PBXFileReference; lastKnownFileType = file.storyboard; name = Base; path = Base.lproj/Interface.storyboard; sourceTree = "<group>"; };
		2FB7CDAA1B480494001EFFD2 /* Images.xcassets */ = {isa = PBXFileReference; lastKnownFileType = folder.assetcatalog; path = Images.xcassets; sourceTree = "<group>"; };
		2FB7CDCA1B489809001EFFD2 /* MPD js WatchKit Extension.entitlements */ = {isa = PBXFileReference; lastKnownFileType = text.xml; path = "MPD js WatchKit Extension.entitlements"; sourceTree = "<group>"; };
		301BF52D109A57CC0062928A /* CordovaLib.xcodeproj */ = {isa = PBXFileReference; lastKnownFileType = "wrapper.pb-project"; name = CordovaLib.xcodeproj; path = CordovaLib/CordovaLib.xcodeproj; sourceTree = "<group>"; };
		301BF56E109A69640062928A /* www */ = {isa = PBXFileReference; lastKnownFileType = folder; path = www; sourceTree = SOURCE_ROOT; };
		302D95EE14D2391D003F00A1 /* MainViewController.h */ = {isa = PBXFileReference; fileEncoding = 4; lastKnownFileType = sourcecode.c.h; path = MainViewController.h; sourceTree = "<group>"; };
		302D95EF14D2391D003F00A1 /* MainViewController.m */ = {isa = PBXFileReference; fileEncoding = 4; lastKnownFileType = sourcecode.c.objc; path = MainViewController.m; sourceTree = "<group>"; };
		302D95F014D2391D003F00A1 /* MainViewController.xib */ = {isa = PBXFileReference; fileEncoding = 4; lastKnownFileType = file.xib; path = MainViewController.xib; sourceTree = "<group>"; };
		305D5FD0115AB8F900A74A75 /* MobileCoreServices.framework */ = {isa = PBXFileReference; lastKnownFileType = wrapper.framework; name = MobileCoreServices.framework; path = System/Library/Frameworks/MobileCoreServices.framework; sourceTree = SDKROOT; };
		3088BBB7154F3926009F9C59 /* Default-Landscape@2x~ipad.png */ = {isa = PBXFileReference; lastKnownFileType = image.png; path = "Default-Landscape@2x~ipad.png"; sourceTree = "<group>"; };
		3088BBB8154F3926009F9C59 /* Default-Landscape~ipad.png */ = {isa = PBXFileReference; lastKnownFileType = image.png; path = "Default-Landscape~ipad.png"; sourceTree = "<group>"; };
		3088BBB9154F3926009F9C59 /* Default-Portrait@2x~ipad.png */ = {isa = PBXFileReference; lastKnownFileType = image.png; path = "Default-Portrait@2x~ipad.png"; sourceTree = "<group>"; };
		3088BBBA154F3926009F9C59 /* Default-Portrait~ipad.png */ = {isa = PBXFileReference; lastKnownFileType = image.png; path = "Default-Portrait~ipad.png"; sourceTree = "<group>"; };
		3088BBBB154F3926009F9C59 /* Default@2x~iphone.png */ = {isa = PBXFileReference; lastKnownFileType = image.png; path = "Default@2x~iphone.png"; sourceTree = "<group>"; };
		3088BBBC154F3926009F9C59 /* Default~iphone.png */ = {isa = PBXFileReference; lastKnownFileType = image.png; path = "Default~iphone.png"; sourceTree = "<group>"; };
		308D052E1370CCF300D202BF /* icon-72.png */ = {isa = PBXFileReference; lastKnownFileType = image.png; path = "icon-72.png"; sourceTree = "<group>"; };
		308D052F1370CCF300D202BF /* icon.png */ = {isa = PBXFileReference; lastKnownFileType = image.png; path = icon.png; sourceTree = "<group>"; };
		308D05301370CCF300D202BF /* icon@2x.png */ = {isa = PBXFileReference; lastKnownFileType = image.png; path = "icon@2x.png"; sourceTree = "<group>"; };
		30A0434414DC770100060A13 /* de */ = {isa = PBXFileReference; lastKnownFileType = text.plist.strings; name = de; path = Localizable.strings; sourceTree = "<group>"; };
		30A0434714DC770100060A13 /* se */ = {isa = PBXFileReference; lastKnownFileType = text.plist.strings; name = se; path = Localizable.strings; sourceTree = "<group>"; };
		30FC414816E50CA1004E6F35 /* icon-72@2x.png */ = {isa = PBXFileReference; lastKnownFileType = image.png; path = "icon-72@2x.png"; sourceTree = "<group>"; };
		32CA4F630368D1EE00C91783 /* MPD js-Prefix.pch */ = {isa = PBXFileReference; fileEncoding = 4; lastKnownFileType = sourcecode.c.h; path = "MPD js-Prefix.pch"; sourceTree = "<group>"; };
		385221A4EB584A1A865B3882 /* WatchConnectivity.framework */ = {isa = PBXFileReference; fileEncoding = 4; lastKnownFileType = wrapper.framework; name = WatchConnectivity.framework; path = System/Library/Frameworks/WatchConnectivity.framework; sourceTree = SDKROOT; };
		38E958BE604D4B5AB1220A5C /* MMWormholeSessionMessageTransiting.m */ = {isa = PBXFileReference; fileEncoding = 4; lastKnownFileType = sourcecode.c.objc; name = MMWormholeSessionMessageTransiting.m; path = org.potpie.mpdjs.mmwormhole/MMWormholeSessionMessageTransiting.m; sourceTree = "<group>"; };
		3C49E6C67D0C47D5B7A4167A /* MMWormholePlugin.h */ = {isa = PBXFileReference; fileEncoding = 4; lastKnownFileType = sourcecode.c.h; name = MMWormholePlugin.h; path = org.potpie.mpdjs.mmwormhole/MMWormholePlugin.h; sourceTree = "<group>"; };
		484FDB7CD0D14ACFB2DE4F98 /* CDVDevice.h */ = {isa = PBXFileReference; fileEncoding = 4; lastKnownFileType = sourcecode.c.h; name = CDVDevice.h; path = "cordova-plugin-device/CDVDevice.h"; sourceTree = "<group>"; };
		49B84369EABA4337865246EA /* CDVLogger.m */ = {isa = PBXFileReference; fileEncoding = 4; lastKnownFileType = sourcecode.c.objc; name = CDVLogger.m; path = "cordova-plugin-console/CDVLogger.m"; sourceTree = "<group>"; };
		55A80DCBE6A2463D836063C1 /* MMWormholeSessionFileTransiting.h */ = {isa = PBXFileReference; fileEncoding = 4; lastKnownFileType = sourcecode.c.h; name = MMWormholeSessionFileTransiting.h; path = org.potpie.mpdjs.mmwormhole/MMWormholeSessionFileTransiting.h; sourceTree = "<group>"; };
		5B1594DC16A7569C00FEF299 /* AssetsLibrary.framework */ = {isa = PBXFileReference; lastKnownFileType = wrapper.framework; name = AssetsLibrary.framework; path = System/Library/Frameworks/AssetsLibrary.framework; sourceTree = SDKROOT; };
		7380615534A649038676A400 /* MMWormholeSessionMessageTransiting.h */ = {isa = PBXFileReference; fileEncoding = 4; lastKnownFileType = sourcecode.c.h; name = MMWormholeSessionMessageTransiting.h; path = org.potpie.mpdjs.mmwormhole/MMWormholeSessionMessageTransiting.h; sourceTree = "<group>"; };
		73E85CE151E648219B3830BB /* CDVDevice.m */ = {isa = PBXFileReference; fileEncoding = 4; lastKnownFileType = sourcecode.c.objc; name = CDVDevice.m; path = "cordova-plugin-device/CDVDevice.m"; sourceTree = "<group>"; };
		7E7966D41810823500FA85AD /* icon-40.png */ = {isa = PBXFileReference; lastKnownFileType = image.png; path = "icon-40.png"; sourceTree = "<group>"; };
		7E7966D51810823500FA85AD /* icon-40@2x.png */ = {isa = PBXFileReference; lastKnownFileType = image.png; path = "icon-40@2x.png"; sourceTree = "<group>"; };
		7E7966D61810823500FA85AD /* icon-50.png */ = {isa = PBXFileReference; lastKnownFileType = image.png; path = "icon-50.png"; sourceTree = "<group>"; };
		7E7966D71810823500FA85AD /* icon-50@2x.png */ = {isa = PBXFileReference; lastKnownFileType = image.png; path = "icon-50@2x.png"; sourceTree = "<group>"; };
		7E7966D81810823500FA85AD /* icon-60.png */ = {isa = PBXFileReference; lastKnownFileType = image.png; path = "icon-60.png"; sourceTree = "<group>"; };
		7E7966D91810823500FA85AD /* icon-60@2x.png */ = {isa = PBXFileReference; lastKnownFileType = image.png; path = "icon-60@2x.png"; sourceTree = "<group>"; };
		7E7966DA1810823500FA85AD /* icon-76.png */ = {isa = PBXFileReference; lastKnownFileType = image.png; path = "icon-76.png"; sourceTree = "<group>"; };
		7E7966DB1810823500FA85AD /* icon-76@2x.png */ = {isa = PBXFileReference; lastKnownFileType = image.png; path = "icon-76@2x.png"; sourceTree = "<group>"; };
		7E7966DC1810823500FA85AD /* icon-small.png */ = {isa = PBXFileReference; lastKnownFileType = image.png; path = "icon-small.png"; sourceTree = "<group>"; };
		7E7966DD1810823500FA85AD /* icon-small@2x.png */ = {isa = PBXFileReference; lastKnownFileType = image.png; path = "icon-small@2x.png"; sourceTree = "<group>"; };
		8D1107310486CEB800E47090 /* MPD js-Info.plist */ = {isa = PBXFileReference; fileEncoding = 4; lastKnownFileType = text.plist.xml; name = "MPD js-Info.plist"; path = "../MPD js-Info.plist"; plistStructureDefinitionIdentifier = "com.apple.xcode.plist.structure-definition.iphone.info-plist"; sourceTree = "<group>"; };
		A10204173407414B80FEA8A3 /* CDVLogger.h */ = {isa = PBXFileReference; fileEncoding = 4; lastKnownFileType = sourcecode.c.h; name = CDVLogger.h; path = "cordova-plugin-console/CDVLogger.h"; sourceTree = "<group>"; };
		A54DBFB8C9C24F2BBEAF2CA6 /* Foundation.framework */ = {isa = PBXFileReference; fileEncoding = 4; lastKnownFileType = wrapper.framework; name = Foundation.framework; path = System/Library/Frameworks/Foundation.framework; sourceTree = SDKROOT; };
		A88B2164EA14413A8D051CE4 /* MMWormholeCoordinatedFileTransiting.h */ = {isa = PBXFileReference; fileEncoding = 4; lastKnownFileType = sourcecode.c.h; name = MMWormholeCoordinatedFileTransiting.h; path = org.potpie.mpdjs.mmwormhole/MMWormholeCoordinatedFileTransiting.h; sourceTree = "<group>"; };
		A9B45F3DF6224374BFF14C14 /* MMWormhole.h */ = {isa = PBXFileReference; fileEncoding = 4; lastKnownFileType = sourcecode.c.h; name = MMWormhole.h; path = org.potpie.mpdjs.mmwormhole/MMWormhole.h; sourceTree = "<group>"; };
		AE9910D378DF44ED976A1790 /* MMWormholeSessionFileTransiting.m */ = {isa = PBXFileReference; fileEncoding = 4; lastKnownFileType = sourcecode.c.objc; name = MMWormholeSessionFileTransiting.m; path = org.potpie.mpdjs.mmwormhole/MMWormholeSessionFileTransiting.m; sourceTree = "<group>"; };
		B0FEBF973ACB4A3CBCC32765 /* MMWormholePlugin.m */ = {isa = PBXFileReference; fileEncoding = 4; lastKnownFileType = sourcecode.c.objc; name = MMWormholePlugin.m; path = org.potpie.mpdjs.mmwormhole/MMWormholePlugin.m; sourceTree = "<group>"; };
		B335F005A5D54E28A691CB85 /* CDVStatusBar.m */ = {isa = PBXFileReference; fileEncoding = 4; lastKnownFileType = sourcecode.c.objc; name = CDVStatusBar.m; path = "cordova-plugin-statusbar/CDVStatusBar.m"; sourceTree = "<group>"; };
		C3C58EB630C84F1A8E8005C4 /* MMWormholeSessionContextTransiting.h */ = {isa = PBXFileReference; fileEncoding = 4; lastKnownFileType = sourcecode.c.h; name = MMWormholeSessionContextTransiting.h; path = org.potpie.mpdjs.mmwormhole/MMWormholeSessionContextTransiting.h; sourceTree = "<group>"; };
		CB556511448E4F6997176F6F /* appbeep.wav */ = {isa = PBXFileReference; fileEncoding = 4; lastKnownFileType = unknown; path = appbeep.wav; sourceTree = "<group>"; };
		D3A2F51B1EEC4725AD6CEB8A /* CDVStatusBar.h */ = {isa = PBXFileReference; fileEncoding = 4; lastKnownFileType = sourcecode.c.h; name = CDVStatusBar.h; path = "cordova-plugin-statusbar/CDVStatusBar.h"; sourceTree = "<group>"; };
		D4A0D8751607E02300AEF8BB /* Default-568h@2x~iphone.png */ = {isa = PBXFileReference; lastKnownFileType = image.png; path = "Default-568h@2x~iphone.png"; sourceTree = "<group>"; };
		DCDAB9F346524370B8C73F33 /* MMWormholeSession.h */ = {isa = PBXFileReference; fileEncoding = 4; lastKnownFileType = sourcecode.c.h; name = MMWormholeSession.h; path = org.potpie.mpdjs.mmwormhole/MMWormholeSession.h; sourceTree = "<group>"; };
		E22D0C68A4F54C4C80CA840E /* MMWormholeSessionContextTransiting.m */ = {isa = PBXFileReference; fileEncoding = 4; lastKnownFileType = sourcecode.c.objc; name = MMWormholeSessionContextTransiting.m; path = org.potpie.mpdjs.mmwormhole/MMWormholeSessionContextTransiting.m; sourceTree = "<group>"; };
		E2A114E8B96848F4B37CF524 /* CDVStatusBar.m */ = {isa = PBXFileReference; fileEncoding = 4; lastKnownFileType = sourcecode.c.objc; name = CDVStatusBar.m; path = org.apache.cordova.statusbar/CDVStatusBar.m; sourceTree = "<group>"; };
		E429F20B4FFC4170818A918F /* MMWormholeCoordinatedFileTransiting.m */ = {isa = PBXFileReference; fileEncoding = 4; lastKnownFileType = sourcecode.c.objc; name = MMWormholeCoordinatedFileTransiting.m; path = org.potpie.mpdjs.mmwormhole/MMWormholeCoordinatedFileTransiting.m; sourceTree = "<group>"; };
		EB87FDF21871DA7A0020F90C /* merges */ = {isa = PBXFileReference; lastKnownFileType = folder; name = merges; path = ../../merges; sourceTree = "<group>"; };
		EB87FDF31871DA8E0020F90C /* www */ = {isa = PBXFileReference; lastKnownFileType = folder; name = www; path = ../../www; sourceTree = "<group>"; };
		EB87FDF41871DAF40020F90C /* config.xml */ = {isa = PBXFileReference; lastKnownFileType = text.xml; name = config.xml; path = ../../config.xml; sourceTree = "<group>"; };
		EDAB704119A245689AAAE5AE /* MMWormholeTransiting.h */ = {isa = PBXFileReference; fileEncoding = 4; lastKnownFileType = sourcecode.c.h; name = MMWormholeTransiting.h; path = org.potpie.mpdjs.mmwormhole/MMWormholeTransiting.h; sourceTree = "<group>"; };
		EDE14F6B1C124C79928F13B7 /* MMWormhole.m */ = {isa = PBXFileReference; fileEncoding = 4; lastKnownFileType = sourcecode.c.objc; name = MMWormhole.m; path = org.potpie.mpdjs.mmwormhole/MMWormhole.m; sourceTree = "<group>"; };
		F840E1F0165FE0F500CFE078 /* config.xml */ = {isa = PBXFileReference; lastKnownFileType = text.xml; name = config.xml; path = "MPD js/config.xml"; sourceTree = "<group>"; };
		FDFD24684D294CA3A5A9993A /* SocketConnection.h */ = {isa = PBXFileReference; fileEncoding = 4; lastKnownFileType = sourcecode.c.h; name = SocketConnection.h; path = org.potpie.mpdjs.socketconnection/SocketConnection.h; sourceTree = "<group>"; };
		FF8B03A8C5AC4ED2B3287035 /* CDVStatusBar.h */ = {isa = PBXFileReference; fileEncoding = 4; lastKnownFileType = sourcecode.c.h; name = CDVStatusBar.h; path = com.phonegap.plugin.statusbar/CDVStatusBar.h; sourceTree = "<group>"; };
/* End PBXFileReference section */

/* Begin PBXFrameworksBuildPhase section */
		1D60588F0D05DD3D006BFB54 /* Frameworks */ = {
			isa = PBXFrameworksBuildPhase;
			buildActionMask = 2147483647;
			files = (
				5B1594DD16A7569C00FEF299 /* AssetsLibrary.framework in Frameworks */,
				301BF552109A68D80062928A /* libCordova.a in Frameworks */,
				288765FD0DF74451002DB57D /* CoreGraphics.framework in Frameworks */,
				305D5FD1115AB8F900A74A75 /* MobileCoreServices.framework in Frameworks */,
				A1643830689D45AB9DAF706C /* Foundation.framework in Frameworks */,
				E83C32A3BC9942AA84959F40 /* WatchConnectivity.framework in Frameworks */,
			);
			runOnlyForDeploymentPostprocessing = 0;
		};
		2FB7CD8E1B480494001EFFD2 /* Frameworks */ = {
			isa = PBXFrameworksBuildPhase;
			buildActionMask = 2147483647;
			files = (
				2F12517F1BB40E050032C6C0 /* libCordova.a in Frameworks */,
				2FB7CDBA1B481490001EFFD2 /* MobileCoreServices.framework in Frameworks */,
				2FB7CDB61B4813D8001EFFD2 /* AssetsLibrary.framework in Frameworks */,
			);
			runOnlyForDeploymentPostprocessing = 0;
		};
/* End PBXFrameworksBuildPhase section */

/* Begin PBXGroup section */
		080E96DDFE201D6D7F000001 /* Classes */ = {
			isa = PBXGroup;
			children = (
				302D95EE14D2391D003F00A1 /* MainViewController.h */,
				302D95EF14D2391D003F00A1 /* MainViewController.m */,
				302D95F014D2391D003F00A1 /* MainViewController.xib */,
				1D3623240D0F684500981E51 /* AppDelegate.h */,
				1D3623250D0F684500981E51 /* AppDelegate.m */,
			);
			name = Classes;
			path = "MPD js/Classes";
			sourceTree = SOURCE_ROOT;
		};
		19C28FACFE9D520D11CA2CBB /* Products */ = {
			isa = PBXGroup;
			children = (
				1D6058910D05DD3D006BFB54 /* MPD js.app */,
				2FB7CD911B480494001EFFD2 /* MPD js WatchKit Extension.appex */,
				2FB7CDA01B480494001EFFD2 /* MPD js WatchKit App.app */,
			);
			name = Products;
			sourceTree = "<group>";
		};
		1F766FDB13BBADB100FB74C0 /* en.lproj */ = {
			isa = PBXGroup;
			children = (
				1F766FDC13BBADB100FB74C0 /* Localizable.strings */,
			);
			path = en.lproj;
			sourceTree = "<group>";
		};
		1F766FDE13BBADB100FB74C0 /* es.lproj */ = {
			isa = PBXGroup;
			children = (
				1F766FDF13BBADB100FB74C0 /* Localizable.strings */,
			);
			path = es.lproj;
			sourceTree = "<group>";
		};
		29B97314FDCFA39411CA2CEA /* CustomTemplate */ = {
			isa = PBXGroup;
			children = (
				2FA80D051B52C00F001BC31E /* MPD js.entitlements */,
				EB87FDF41871DAF40020F90C /* config.xml */,
				EB87FDF31871DA8E0020F90C /* www */,
				EB87FDF21871DA7A0020F90C /* merges */,
				EB87FDF11871DA420020F90C /* Staging */,
				301BF52D109A57CC0062928A /* CordovaLib.xcodeproj */,
				080E96DDFE201D6D7F000001 /* Classes */,
				307C750510C5A3420062BCA9 /* Plugins */,
				29B97315FDCFA39411CA2CEA /* Other Sources */,
				29B97317FDCFA39411CA2CEA /* Resources */,
				2FB7CD921B480494001EFFD2 /* MPD js WatchKit Extension */,
				2FB7CDA41B480494001EFFD2 /* MPD js WatchKit App */,
				29B97323FDCFA39411CA2CEA /* Frameworks */,
				19C28FACFE9D520D11CA2CBB /* Products */,
			);
			name = CustomTemplate;
			sourceTree = "<group>";
		};
		29B97315FDCFA39411CA2CEA /* Other Sources */ = {
			isa = PBXGroup;
			children = (
				32CA4F630368D1EE00C91783 /* MPD js-Prefix.pch */,
				29B97316FDCFA39411CA2CEA /* main.m */,
			);
			name = "Other Sources";
			path = "MPD js";
			sourceTree = "<group>";
		};
		29B97317FDCFA39411CA2CEA /* Resources */ = {
			isa = PBXGroup;
			children = (
				30A0434214DC770100060A13 /* de.lproj */,
				30A0434514DC770100060A13 /* se.lproj */,
				1F766FDB13BBADB100FB74C0 /* en.lproj */,
				1F766FDE13BBADB100FB74C0 /* es.lproj */,
				308D052D1370CCF300D202BF /* icons */,
				308D05311370CCF300D202BF /* splash */,
				8D1107310486CEB800E47090 /* MPD js-Info.plist */,
				CB556511448E4F6997176F6F /* appbeep.wav */,
			);
			name = Resources;
			path = "MPD js/Resources";
			sourceTree = "<group>";
		};
		29B97323FDCFA39411CA2CEA /* Frameworks */ = {
			isa = PBXGroup;
			children = (
				5B1594DC16A7569C00FEF299 /* AssetsLibrary.framework */,
				288765FC0DF74451002DB57D /* CoreGraphics.framework */,
				305D5FD0115AB8F900A74A75 /* MobileCoreServices.framework */,
				A54DBFB8C9C24F2BBEAF2CA6 /* Foundation.framework */,
				385221A4EB584A1A865B3882 /* WatchConnectivity.framework */,
			);
			name = Frameworks;
			sourceTree = "<group>";
		};
		2FB7CD921B480494001EFFD2 /* MPD js WatchKit Extension */ = {
			isa = PBXGroup;
			children = (
				2FB7CDCA1B489809001EFFD2 /* MPD js WatchKit Extension.entitlements */,
				2FB7CD961B480494001EFFD2 /* InterfaceController.swift */,
				2FB7CD981B480494001EFFD2 /* NotificationController.swift */,
				2FB7CD9A1B480494001EFFD2 /* GlanceController.swift */,
				2FB7CD9C1B480494001EFFD2 /* Images.xcassets */,
				2FB7CD931B480494001EFFD2 /* Supporting Files */,
			);
			path = "MPD js WatchKit Extension";
			sourceTree = "<group>";
		};
		2FB7CD931B480494001EFFD2 /* Supporting Files */ = {
			isa = PBXGroup;
			children = (
				2FB7CD941B480494001EFFD2 /* Info.plist */,
				2FB7CD951B480494001EFFD2 /* PushNotificationPayload.apns */,
			);
			name = "Supporting Files";
			sourceTree = "<group>";
		};
		2FB7CDA41B480494001EFFD2 /* MPD js WatchKit App */ = {
			isa = PBXGroup;
			children = (
				2FB7CDA71B480494001EFFD2 /* Interface.storyboard */,
				2FB7CDAA1B480494001EFFD2 /* Images.xcassets */,
				2FB7CDA51B480494001EFFD2 /* Supporting Files */,
			);
			path = "MPD js WatchKit App";
			sourceTree = "<group>";
		};
		2FB7CDA51B480494001EFFD2 /* Supporting Files */ = {
			isa = PBXGroup;
			children = (
				2FB7CDA61B480494001EFFD2 /* Info.plist */,
			);
			name = "Supporting Files";
			sourceTree = "<group>";
		};
		301BF52E109A57CC0062928A /* Products */ = {
			isa = PBXGroup;
			children = (
				301BF535109A57CC0062928A /* libCordova.a */,
			);
			name = Products;
			sourceTree = "<group>";
		};
		307C750510C5A3420062BCA9 /* Plugins */ = {
			isa = PBXGroup;
			children = (
				FF8B03A8C5AC4ED2B3287035 /* CDVStatusBar.h */,
				E2A114E8B96848F4B37CF524 /* CDVStatusBar.m */,
				49B84369EABA4337865246EA /* CDVLogger.m */,
				A10204173407414B80FEA8A3 /* CDVLogger.h */,
				73E85CE151E648219B3830BB /* CDVDevice.m */,
				484FDB7CD0D14ACFB2DE4F98 /* CDVDevice.h */,
				B335F005A5D54E28A691CB85 /* CDVStatusBar.m */,
				D3A2F51B1EEC4725AD6CEB8A /* CDVStatusBar.h */,
				14DEA77E637C46B7BF5D4F1B /* SocketConnection.m */,
				FDFD24684D294CA3A5A9993A /* SocketConnection.h */,
				B0FEBF973ACB4A3CBCC32765 /* MMWormholePlugin.m */,
				EDE14F6B1C124C79928F13B7 /* MMWormhole.m */,
				E429F20B4FFC4170818A918F /* MMWormholeCoordinatedFileTransiting.m */,
				1C8D7CB7062C453EA750379A /* MMWormholeFileTransiting.m */,
				DCDAB9F346524370B8C73F33 /* MMWormholeSession.h */,
				1F52E769AD8A4F9C9AE7B8DD /* MMWormholeSession.m */,
				C3C58EB630C84F1A8E8005C4 /* MMWormholeSessionContextTransiting.h */,
				E22D0C68A4F54C4C80CA840E /* MMWormholeSessionContextTransiting.m */,
				55A80DCBE6A2463D836063C1 /* MMWormholeSessionFileTransiting.h */,
				AE9910D378DF44ED976A1790 /* MMWormholeSessionFileTransiting.m */,
				7380615534A649038676A400 /* MMWormholeSessionMessageTransiting.h */,
				38E958BE604D4B5AB1220A5C /* MMWormholeSessionMessageTransiting.m */,
				EDAB704119A245689AAAE5AE /* MMWormholeTransiting.h */,
				3C49E6C67D0C47D5B7A4167A /* MMWormholePlugin.h */,
				A9B45F3DF6224374BFF14C14 /* MMWormhole.h */,
				A88B2164EA14413A8D051CE4 /* MMWormholeCoordinatedFileTransiting.h */,
				2A1D966F1C13438B8237E95F /* MMWormholeFileTransiting.h */,
			);
			name = Plugins;
			path = "MPD js/Plugins";
			sourceTree = SOURCE_ROOT;
		};
		308D052D1370CCF300D202BF /* icons */ = {
			isa = PBXGroup;
			children = (
				7E7966D41810823500FA85AD /* icon-40.png */,
				7E7966D51810823500FA85AD /* icon-40@2x.png */,
				7E7966D61810823500FA85AD /* icon-50.png */,
				7E7966D71810823500FA85AD /* icon-50@2x.png */,
				7E7966D81810823500FA85AD /* icon-60.png */,
				7E7966D91810823500FA85AD /* icon-60@2x.png */,
				7E7966DA1810823500FA85AD /* icon-76.png */,
				7E7966DB1810823500FA85AD /* icon-76@2x.png */,
				7E7966DC1810823500FA85AD /* icon-small.png */,
				7E7966DD1810823500FA85AD /* icon-small@2x.png */,
				30FC414816E50CA1004E6F35 /* icon-72@2x.png */,
				308D052E1370CCF300D202BF /* icon-72.png */,
				308D052F1370CCF300D202BF /* icon.png */,
				308D05301370CCF300D202BF /* icon@2x.png */,
			);
			path = icons;
			sourceTree = "<group>";
		};
		308D05311370CCF300D202BF /* splash */ = {
			isa = PBXGroup;
			children = (
				D4A0D8751607E02300AEF8BB /* Default-568h@2x~iphone.png */,
				3088BBB7154F3926009F9C59 /* Default-Landscape@2x~ipad.png */,
				3088BBB8154F3926009F9C59 /* Default-Landscape~ipad.png */,
				3088BBB9154F3926009F9C59 /* Default-Portrait@2x~ipad.png */,
				3088BBBA154F3926009F9C59 /* Default-Portrait~ipad.png */,
				3088BBBB154F3926009F9C59 /* Default@2x~iphone.png */,
				3088BBBC154F3926009F9C59 /* Default~iphone.png */,
			);
			path = splash;
			sourceTree = "<group>";
		};
		30A0434214DC770100060A13 /* de.lproj */ = {
			isa = PBXGroup;
			children = (
				30A0434314DC770100060A13 /* Localizable.strings */,
			);
			path = de.lproj;
			sourceTree = "<group>";
		};
		30A0434514DC770100060A13 /* se.lproj */ = {
			isa = PBXGroup;
			children = (
				30A0434614DC770100060A13 /* Localizable.strings */,
			);
			path = se.lproj;
			sourceTree = "<group>";
		};
		EB87FDF11871DA420020F90C /* Staging */ = {
			isa = PBXGroup;
			children = (
				F840E1F0165FE0F500CFE078 /* config.xml */,
				301BF56E109A69640062928A /* www */,
			);
			name = Staging;
			sourceTree = "<group>";
		};
/* End PBXGroup section */

/* Begin PBXNativeTarget section */
		1D6058900D05DD3D006BFB54 /* MPD js */ = {
			isa = PBXNativeTarget;
			buildConfigurationList = 1D6058960D05DD3E006BFB54 /* Build configuration list for PBXNativeTarget "MPD js" */;
			buildPhases = (
				304B58A110DAC018002A0835 /* Copy www directory */,
				1D60588D0D05DD3D006BFB54 /* Resources */,
				1D60588E0D05DD3D006BFB54 /* Sources */,
				1D60588F0D05DD3D006BFB54 /* Frameworks */,
				2F7199081B3EEC2D00345E1C /* Embed App Extensions */,
			);
			buildRules = (
			);
			dependencies = (
				301BF551109A68C00062928A /* PBXTargetDependency */,
				2FB7CDAD1B480494001EFFD2 /* PBXTargetDependency */,
			);
			name = "MPD js";
			productName = "MPD js";
			productReference = 1D6058910D05DD3D006BFB54 /* MPD js.app */;
			productType = "com.apple.product-type.application";
		};
		2FB7CD901B480494001EFFD2 /* MPD js WatchKit Extension */ = {
			isa = PBXNativeTarget;
			buildConfigurationList = 2FB7CDB41B480494001EFFD2 /* Build configuration list for PBXNativeTarget "MPD js WatchKit Extension" */;
			buildPhases = (
				2FB7CD8D1B480494001EFFD2 /* Sources */,
				2FB7CD8E1B480494001EFFD2 /* Frameworks */,
				2FB7CD8F1B480494001EFFD2 /* Resources */,
			);
			buildRules = (
			);
			dependencies = (
				2FB7CDA31B480494001EFFD2 /* PBXTargetDependency */,
			);
			name = "MPD js WatchKit Extension";
			productName = "MPD js WatchKit Extension";
			productReference = 2FB7CD911B480494001EFFD2 /* MPD js WatchKit Extension.appex */;
			productType = "com.apple.product-type.watchkit-extension";
		};
		2FB7CD9F1B480494001EFFD2 /* MPD js WatchKit App */ = {
			isa = PBXNativeTarget;
			buildConfigurationList = 2FB7CDB31B480494001EFFD2 /* Build configuration list for PBXNativeTarget "MPD js WatchKit App" */;
			buildPhases = (
				2FB7CD9E1B480494001EFFD2 /* Resources */,
			);
			buildRules = (
			);
			dependencies = (
			);
			name = "MPD js WatchKit App";
			productName = "MPD js WatchKit App";
			productReference = 2FB7CDA01B480494001EFFD2 /* MPD js WatchKit App.app */;
			productType = "com.apple.product-type.application.watchapp";
		};
/* End PBXNativeTarget section */

/* Begin PBXProject section */
		29B97313FDCFA39411CA2CEA /* Project object */ = {
			isa = PBXProject;
			attributes = {
				LastSwiftMigration = 700;
				LastSwiftUpdateCheck = 710;
				LastUpgradeCheck = 510;
				TargetAttributes = {
					1D6058900D05DD3D006BFB54 = {
						DevelopmentTeam = P9NAZG5MLK;
						SystemCapabilities = {
							com.apple.ApplicationGroups.iOS = {
								enabled = 1;
							};
							com.apple.BackgroundModes = {
								enabled = 0;
							};
						};
					};
					2FB7CD901B480494001EFFD2 = {
						CreatedOnToolsVersion = 6.4;
						DevelopmentTeam = P9NAZG5MLK;
						SystemCapabilities = {
							com.apple.ApplicationGroups.iOS = {
								enabled = 1;
							};
						};
					};
					2FB7CD9F1B480494001EFFD2 = {
						CreatedOnToolsVersion = 6.4;
						DevelopmentTeam = P9NAZG5MLK;
					};
				};
			};
			buildConfigurationList = C01FCF4E08A954540054247B /* Build configuration list for PBXProject "MPD js" */;
			compatibilityVersion = "Xcode 3.2";
			developmentRegion = English;
			hasScannedForEncodings = 1;
			knownRegions = (
				English,
				Japanese,
				French,
				German,
				en,
				es,
				de,
				se,
				Base,
			);
			mainGroup = 29B97314FDCFA39411CA2CEA /* CustomTemplate */;
			projectDirPath = "";
			projectReferences = (
				{
					ProductGroup = 301BF52E109A57CC0062928A /* Products */;
					ProjectRef = 301BF52D109A57CC0062928A /* CordovaLib.xcodeproj */;
				},
			);
			projectRoot = "";
			targets = (
				1D6058900D05DD3D006BFB54 /* MPD js */,
				2FB7CD901B480494001EFFD2 /* MPD js WatchKit Extension */,
				2FB7CD9F1B480494001EFFD2 /* MPD js WatchKit App */,
			);
		};
/* End PBXProject section */

/* Begin PBXReferenceProxy section */
		301BF535109A57CC0062928A /* libCordova.a */ = {
			isa = PBXReferenceProxy;
			fileType = archive.ar;
			path = libCordova.a;
			remoteRef = 301BF534109A57CC0062928A /* PBXContainerItemProxy */;
			sourceTree = BUILT_PRODUCTS_DIR;
		};
/* End PBXReferenceProxy section */

/* Begin PBXResourcesBuildPhase section */
		1D60588D0D05DD3D006BFB54 /* Resources */ = {
			isa = PBXResourcesBuildPhase;
			buildActionMask = 2147483647;
			files = (
				7E7966E41810823500FA85AD /* icon-76.png in Resources */,
				7E7966DF1810823500FA85AD /* icon-40@2x.png in Resources */,
				308D05371370CCF300D202BF /* icon-72.png in Resources */,
				308D05381370CCF300D202BF /* icon.png in Resources */,
				308D05391370CCF300D202BF /* icon@2x.png in Resources */,
				1F766FE113BBADB100FB74C0 /* Localizable.strings in Resources */,
				302D95F214D2391D003F00A1 /* MainViewController.xib in Resources */,
				7E7966E01810823500FA85AD /* icon-50.png in Resources */,
				7E7966E31810823500FA85AD /* icon-60@2x.png in Resources */,
				30A0434814DC770100060A13 /* Localizable.strings in Resources */,
				7E7966E61810823500FA85AD /* icon-small.png in Resources */,
				3088BBBD154F3926009F9C59 /* Default-Landscape@2x~ipad.png in Resources */,
				3088BBBE154F3926009F9C59 /* Default-Landscape~ipad.png in Resources */,
				3088BBBF154F3926009F9C59 /* Default-Portrait@2x~ipad.png in Resources */,
				7E7966E71810823500FA85AD /* icon-small@2x.png in Resources */,
				3088BBC0154F3926009F9C59 /* Default-Portrait~ipad.png in Resources */,
				7E7966DE1810823500FA85AD /* icon-40.png in Resources */,
				3088BBC1154F3926009F9C59 /* Default@2x~iphone.png in Resources */,
				7E7966E21810823500FA85AD /* icon-60.png in Resources */,
				3088BBC2154F3926009F9C59 /* Default~iphone.png in Resources */,
				D4A0D8761607E02300AEF8BB /* Default-568h@2x~iphone.png in Resources */,
				7E7966E11810823500FA85AD /* icon-50@2x.png in Resources */,
				7E7966E51810823500FA85AD /* icon-76@2x.png in Resources */,
				30FC414916E50CA1004E6F35 /* icon-72@2x.png in Resources */,
			);
			runOnlyForDeploymentPostprocessing = 0;
		};
		2FB7CD8F1B480494001EFFD2 /* Resources */ = {
			isa = PBXResourcesBuildPhase;
			buildActionMask = 2147483647;
			files = (
				2FB7CDA11B480494001EFFD2 /* MPD js WatchKit App.app in Resources */,
				2FB7CD9D1B480494001EFFD2 /* Images.xcassets in Resources */,
			);
			runOnlyForDeploymentPostprocessing = 0;
		};
		2FB7CD9E1B480494001EFFD2 /* Resources */ = {
			isa = PBXResourcesBuildPhase;
			buildActionMask = 2147483647;
			files = (
				2FB7CDA91B480494001EFFD2 /* Interface.storyboard in Resources */,
				2FB7CDAB1B480494001EFFD2 /* Images.xcassets in Resources */,
			);
			runOnlyForDeploymentPostprocessing = 0;
		};
/* End PBXResourcesBuildPhase section */

/* Begin PBXShellScriptBuildPhase section */
		304B58A110DAC018002A0835 /* Copy www directory */ = {
			isa = PBXShellScriptBuildPhase;
			buildActionMask = 2147483647;
			files = (
			);
			inputPaths = (
			);
			name = "Copy www directory";
			outputPaths = (
			);
			runOnlyForDeploymentPostprocessing = 0;
			shellPath = /bin/sh;
			shellScript = "cordova/lib/copy-www-build-step.sh";
			showEnvVarsInLog = 0;
		};
/* End PBXShellScriptBuildPhase section */

/* Begin PBXSourcesBuildPhase section */
		1D60588E0D05DD3D006BFB54 /* Sources */ = {
			isa = PBXSourcesBuildPhase;
			buildActionMask = 2147483647;
			files = (
				1D60589B0D05DD56006BFB54 /* main.m in Sources */,
				1D3623260D0F684500981E51 /* AppDelegate.m in Sources */,
				302D95F114D2391D003F00A1 /* MainViewController.m in Sources */,
				586D7C192BB1480D894F959E /* CDVLogger.m in Sources */,
				FEC3001D595A4C9A9C59C0F4 /* CDVDevice.m in Sources */,
				A56F3A0ADDB9471C9B27E41F /* CDVStatusBar.m in Sources */,
				A1249B0F382C44F3A93BCE60 /* SocketConnection.m in Sources */,
				9A8DBF312AE24DBCB6F30418 /* MMWormholePlugin.m in Sources */,
				689A9D8A494046E5B3D93C6C /* MMWormhole.m in Sources */,
				49D58CE2740746839C36168F /* MMWormholeCoordinatedFileTransiting.m in Sources */,
				5EECBEF7D7184AE9A2A7A586 /* MMWormholeFileTransiting.m in Sources */,
				240532B913B1446DB8453790 /* MMWormholeSession.h in Sources */,
				1610BDD6187D4531AEE6A564 /* MMWormholeSession.m in Sources */,
				9317B06777124ABBA296DD13 /* MMWormholeSessionContextTransiting.h in Sources */,
				8FC461931BFB4E14BB810D72 /* MMWormholeSessionContextTransiting.m in Sources */,
				F6E2EDF1011D4C7083C2671C /* MMWormholeSessionFileTransiting.h in Sources */,
				EECE2A9CCFF64826893D2807 /* MMWormholeSessionFileTransiting.m in Sources */,
				421332618E58429DB205DE5E /* MMWormholeSessionMessageTransiting.h in Sources */,
				F54D2C3B089B4D1B8D178FB7 /* MMWormholeSessionMessageTransiting.m in Sources */,
				9EB500C1E67F406C9920348A /* MMWormholeTransiting.h in Sources */,
			);
			runOnlyForDeploymentPostprocessing = 0;
		};
		2FB7CD8D1B480494001EFFD2 /* Sources */ = {
			isa = PBXSourcesBuildPhase;
			buildActionMask = 2147483647;
			files = (
				2F802B2C1C09C5EA009087EC /* MMWormholeSessionFileTransiting.m in Sources */,
				2FB7CD991B480494001EFFD2 /* NotificationController.swift in Sources */,
				2F802B291C09C5E0009087EC /* MMWormholeFileTransiting.m in Sources */,
				2F802B2B1C09C5E6009087EC /* MMWormholeSessionContextTransiting.m in Sources */,
				2FB7CD971B480494001EFFD2 /* InterfaceController.swift in Sources */,
				2F802B281C09C5DD009087EC /* MMWormholeCoordinatedFileTransiting.m in Sources */,
				2F802B271C09C5DA009087EC /* MMWormhole.m in Sources */,
				2FB7CD9B1B480494001EFFD2 /* GlanceController.swift in Sources */,
				2F802B2D1C09C5EE009087EC /* MMWormholeSessionMessageTransiting.m in Sources */,
				2F802B2A1C09C5E3009087EC /* MMWormholeSession.m in Sources */,
			);
			runOnlyForDeploymentPostprocessing = 0;
		};
/* End PBXSourcesBuildPhase section */

/* Begin PBXTargetDependency section */
		2FB7CDA31B480494001EFFD2 /* PBXTargetDependency */ = {
			isa = PBXTargetDependency;
			target = 2FB7CD9F1B480494001EFFD2 /* MPD js WatchKit App */;
			targetProxy = 2FB7CDA21B480494001EFFD2 /* PBXContainerItemProxy */;
		};
		2FB7CDAD1B480494001EFFD2 /* PBXTargetDependency */ = {
			isa = PBXTargetDependency;
			target = 2FB7CD901B480494001EFFD2 /* MPD js WatchKit Extension */;
			targetProxy = 2FB7CDAC1B480494001EFFD2 /* PBXContainerItemProxy */;
		};
		301BF551109A68C00062928A /* PBXTargetDependency */ = {
			isa = PBXTargetDependency;
			name = CordovaLib;
			targetProxy = 301BF550109A68C00062928A /* PBXContainerItemProxy */;
		};
/* End PBXTargetDependency section */

/* Begin PBXVariantGroup section */
		1F766FDC13BBADB100FB74C0 /* Localizable.strings */ = {
			isa = PBXVariantGroup;
			children = (
				1F766FDD13BBADB100FB74C0 /* en */,
			);
			name = Localizable.strings;
			sourceTree = "<group>";
		};
		1F766FDF13BBADB100FB74C0 /* Localizable.strings */ = {
			isa = PBXVariantGroup;
			children = (
				1F766FE013BBADB100FB74C0 /* es */,
			);
			name = Localizable.strings;
			sourceTree = "<group>";
		};
		2FB7CDA71B480494001EFFD2 /* Interface.storyboard */ = {
			isa = PBXVariantGroup;
			children = (
				2FB7CDA81B480494001EFFD2 /* Base */,
			);
			name = Interface.storyboard;
			sourceTree = "<group>";
		};
		30A0434314DC770100060A13 /* Localizable.strings */ = {
			isa = PBXVariantGroup;
			children = (
				30A0434414DC770100060A13 /* de */,
			);
			name = Localizable.strings;
			sourceTree = "<group>";
		};
		30A0434614DC770100060A13 /* Localizable.strings */ = {
			isa = PBXVariantGroup;
			children = (
				30A0434714DC770100060A13 /* se */,
			);
			name = Localizable.strings;
			sourceTree = "<group>";
		};
/* End PBXVariantGroup section */

/* Begin XCBuildConfiguration section */
		1D6058940D05DD3E006BFB54 /* Debug */ = {
			isa = XCBuildConfiguration;
			buildSettings = {
				ALWAYS_SEARCH_USER_PATHS = NO;
				CLANG_ENABLE_OBJC_ARC = YES;
				CODE_SIGN_ENTITLEMENTS = "MPD js/MPD js.entitlements";
				CODE_SIGN_IDENTITY = "iPhone Developer";
				"CODE_SIGN_IDENTITY[sdk=iphoneos*]" = "iPhone Developer";
				COPY_PHASE_STRIP = NO;
				GCC_DYNAMIC_NO_PIC = NO;
				GCC_OPTIMIZATION_LEVEL = 0;
				GCC_PRECOMPILE_PREFIX_HEADER = YES;
				GCC_PREFIX_HEADER = "MPD js/MPD js-Prefix.pch";
				GCC_THUMB_SUPPORT = NO;
				GCC_VERSION = "";
				HEADER_SEARCH_PATHS = (
					"\"$(TARGET_BUILD_DIR)/usr/local/lib/include\"",
					"\"$(OBJROOT)/UninstalledProducts/include\"",
					"\"$(BUILT_PRODUCTS_DIR)\"",
					"\"$(OBJROOT)/UninstalledProducts/$(PLATFORM_NAME)/include\"",
				);
				INFOPLIST_FILE = "MPD js/MPD js-Info.plist";
				IPHONEOS_DEPLOYMENT_TARGET = 7.0;
				LIBRARY_SEARCH_PATHS = "$(inherited)";
				OTHER_LDFLAGS = (
					"-weak_framework",
					CoreFoundation,
					"-weak_framework",
					UIKit,
					"-weak_framework",
					AVFoundation,
					"-weak_framework",
					CoreMedia,
					"-weak-lSystem",
					"-force_load",
					"\"$(BUILT_PRODUCTS_DIR)/libCordova.a\"",
					"-ObjC",
				);
				PRODUCT_NAME = "MPD js";
				PROVISIONING_PROFILE = "";
				TARGETED_DEVICE_FAMILY = "1,2";
			};
			name = Debug;
		};
		1D6058950D05DD3E006BFB54 /* Release */ = {
			isa = XCBuildConfiguration;
			buildSettings = {
				ALWAYS_SEARCH_USER_PATHS = NO;
				CLANG_ENABLE_OBJC_ARC = YES;
				CODE_SIGN_ENTITLEMENTS = "MPD js/MPD js.entitlements";
				CODE_SIGN_IDENTITY = "iPhone Developer";
				"CODE_SIGN_IDENTITY[sdk=iphoneos*]" = "iPhone Developer";
				COPY_PHASE_STRIP = NO;
				GCC_PRECOMPILE_PREFIX_HEADER = YES;
				GCC_PREFIX_HEADER = "MPD js/MPD js-Prefix.pch";
				GCC_THUMB_SUPPORT = NO;
				GCC_VERSION = "";
				HEADER_SEARCH_PATHS = (
					"\"$(TARGET_BUILD_DIR)/usr/local/lib/include\"",
					"\"$(OBJROOT)/UninstalledProducts/include\"",
					"\"$(BUILT_PRODUCTS_DIR)\"",
					"\"$(OBJROOT)/UninstalledProducts/$(PLATFORM_NAME)/include\"",
				);
				INFOPLIST_FILE = "MPD js/MPD js-Info.plist";
				IPHONEOS_DEPLOYMENT_TARGET = 7.0;
				LIBRARY_SEARCH_PATHS = "$(inherited)";
				OTHER_LDFLAGS = (
					"-weak_framework",
					CoreFoundation,
					"-weak_framework",
					UIKit,
					"-weak_framework",
					AVFoundation,
					"-weak_framework",
					CoreMedia,
					"-weak-lSystem",
					"-force_load",
					"\"$(BUILT_PRODUCTS_DIR)/libCordova.a\"",
					"-ObjC",
				);
				PRODUCT_NAME = "MPD js";
				PROVISIONING_PROFILE = "";
				TARGETED_DEVICE_FAMILY = "1,2";
			};
			name = Release;
		};
		2FB7CDAF1B480494001EFFD2 /* Debug */ = {
			isa = XCBuildConfiguration;
			buildSettings = {
				ALWAYS_SEARCH_USER_PATHS = NO;
				CLANG_CXX_LANGUAGE_STANDARD = "gnu++0x";
				CLANG_CXX_LIBRARY = "libc++";
				CLANG_ENABLE_MODULES = YES;
				CLANG_WARN_DIRECT_OBJC_ISA_USAGE = YES_ERROR;
				CLANG_WARN_OBJC_ROOT_CLASS = YES_ERROR;
				CLANG_WARN_UNREACHABLE_CODE = YES;
				CODE_SIGN_ENTITLEMENTS = "MPD js WatchKit Extension/MPD js WatchKit Extension.entitlements";
				CODE_SIGN_IDENTITY = "iPhone Developer";
				"CODE_SIGN_IDENTITY[sdk=iphoneos*]" = "iPhone Developer";
				COPY_PHASE_STRIP = NO;
				DEBUG_INFORMATION_FORMAT = "dwarf-with-dsym";
				EMBEDDED_CONTENT_CONTAINS_SWIFT = NO;
				ENABLE_STRICT_OBJC_MSGSEND = YES;
				GCC_C_LANGUAGE_STANDARD = gnu99;
				GCC_DYNAMIC_NO_PIC = NO;
				GCC_NO_COMMON_BLOCKS = YES;
				GCC_OPTIMIZATION_LEVEL = 0;
				GCC_PREPROCESSOR_DEFINITIONS = (
					"DEBUG=1",
					"$(inherited)",
				);
				GCC_SYMBOLS_PRIVATE_EXTERN = NO;
				GCC_WARN_64_TO_32_BIT_CONVERSION = YES;
				GCC_WARN_ABOUT_RETURN_TYPE = YES_ERROR;
				GCC_WARN_UNINITIALIZED_AUTOS = YES_AGGRESSIVE;
				INFOPLIST_FILE = "MPD js WatchKit Extension/Info.plist";
				IPHONEOS_DEPLOYMENT_TARGET = 8.2;
				LD_RUNPATH_SEARCH_PATHS = "$(inherited) @executable_path/Frameworks @executable_path/../../Frameworks";
				LIBRARY_SEARCH_PATHS = "$(inherited)";
				MTL_ENABLE_DEBUG_INFO = YES;
				PRODUCT_NAME = "${TARGET_NAME}";
				PROVISIONING_PROFILE = "";
				SKIP_INSTALL = YES;
				"SWIFT_OBJC_BRIDGING_HEADER[arch=*]" = "Bridging-Header.h";
				SWIFT_OPTIMIZATION_LEVEL = "-Onone";
			};
			name = Debug;
		};
		2FB7CDB01B480494001EFFD2 /* Release */ = {
			isa = XCBuildConfiguration;
			buildSettings = {
				ALWAYS_SEARCH_USER_PATHS = NO;
				CLANG_CXX_LANGUAGE_STANDARD = "gnu++0x";
				CLANG_CXX_LIBRARY = "libc++";
				CLANG_ENABLE_MODULES = YES;
				CLANG_WARN_DIRECT_OBJC_ISA_USAGE = YES_ERROR;
				CLANG_WARN_OBJC_ROOT_CLASS = YES_ERROR;
				CLANG_WARN_UNREACHABLE_CODE = YES;
				CODE_SIGN_ENTITLEMENTS = "MPD js WatchKit Extension/MPD js WatchKit Extension.entitlements";
				CODE_SIGN_IDENTITY = "iPhone Developer";
				"CODE_SIGN_IDENTITY[sdk=iphoneos*]" = "iPhone Developer";
				COPY_PHASE_STRIP = NO;
				DEBUG_INFORMATION_FORMAT = "dwarf-with-dsym";
				EMBEDDED_CONTENT_CONTAINS_SWIFT = NO;
				ENABLE_NS_ASSERTIONS = NO;
				ENABLE_STRICT_OBJC_MSGSEND = YES;
				GCC_C_LANGUAGE_STANDARD = gnu99;
				GCC_NO_COMMON_BLOCKS = YES;
				GCC_WARN_64_TO_32_BIT_CONVERSION = YES;
				GCC_WARN_ABOUT_RETURN_TYPE = YES_ERROR;
				GCC_WARN_UNINITIALIZED_AUTOS = YES_AGGRESSIVE;
				INFOPLIST_FILE = "MPD js WatchKit Extension/Info.plist";
				IPHONEOS_DEPLOYMENT_TARGET = 8.2;
				LD_RUNPATH_SEARCH_PATHS = "$(inherited) @executable_path/Frameworks @executable_path/../../Frameworks";
				LIBRARY_SEARCH_PATHS = "$(inherited)";
				MTL_ENABLE_DEBUG_INFO = NO;
				PRODUCT_NAME = "${TARGET_NAME}";
				PROVISIONING_PROFILE = "";
				SKIP_INSTALL = YES;
				"SWIFT_OBJC_BRIDGING_HEADER[arch=*]" = "Bridging-Header.h";
				VALIDATE_PRODUCT = YES;
			};
			name = Release;
		};
		2FB7CDB11B480494001EFFD2 /* Debug */ = {
			isa = XCBuildConfiguration;
			buildSettings = {
				ALWAYS_SEARCH_USER_PATHS = NO;
				ASSETCATALOG_COMPILER_APPICON_NAME = AppIcon;
				CLANG_CXX_LANGUAGE_STANDARD = "gnu++0x";
				CLANG_CXX_LIBRARY = "libc++";
				CLANG_ENABLE_MODULES = YES;
				CLANG_WARN_DIRECT_OBJC_ISA_USAGE = YES_ERROR;
				CLANG_WARN_OBJC_ROOT_CLASS = YES_ERROR;
				CLANG_WARN_UNREACHABLE_CODE = YES;
				CODE_SIGN_IDENTITY = "iPhone Developer";
				COPY_PHASE_STRIP = NO;
				DEBUG_INFORMATION_FORMAT = "dwarf-with-dsym";
				ENABLE_STRICT_OBJC_MSGSEND = YES;
				GCC_C_LANGUAGE_STANDARD = gnu99;
				GCC_DYNAMIC_NO_PIC = NO;
				GCC_NO_COMMON_BLOCKS = YES;
				GCC_OPTIMIZATION_LEVEL = 0;
				GCC_PREPROCESSOR_DEFINITIONS = (
					"DEBUG=1",
					"$(inherited)",
				);
				GCC_SYMBOLS_PRIVATE_EXTERN = NO;
				GCC_WARN_64_TO_32_BIT_CONVERSION = YES;
				GCC_WARN_ABOUT_RETURN_TYPE = YES_ERROR;
				GCC_WARN_UNINITIALIZED_AUTOS = YES_AGGRESSIVE;
				IBSC_MODULE = MPD_js_WatchKit_Extension;
				INFOPLIST_FILE = "MPD js WatchKit App/Info.plist";
				IPHONEOS_DEPLOYMENT_TARGET = 8.2;
				MTL_ENABLE_DEBUG_INFO = YES;
				PRODUCT_NAME = "$(TARGET_NAME)";
				SKIP_INSTALL = YES;
				TARGETED_DEVICE_FAMILY = 4;
				"TARGETED_DEVICE_FAMILY[sdk=iphonesimulator*]" = "1,4";
			};
			name = Debug;
		};
		2FB7CDB21B480494001EFFD2 /* Release */ = {
			isa = XCBuildConfiguration;
			buildSettings = {
				ALWAYS_SEARCH_USER_PATHS = NO;
				ASSETCATALOG_COMPILER_APPICON_NAME = AppIcon;
				CLANG_CXX_LANGUAGE_STANDARD = "gnu++0x";
				CLANG_CXX_LIBRARY = "libc++";
				CLANG_ENABLE_MODULES = YES;
				CLANG_WARN_DIRECT_OBJC_ISA_USAGE = YES_ERROR;
				CLANG_WARN_OBJC_ROOT_CLASS = YES_ERROR;
				CLANG_WARN_UNREACHABLE_CODE = YES;
				CODE_SIGN_IDENTITY = "iPhone Developer";
				COPY_PHASE_STRIP = NO;
				DEBUG_INFORMATION_FORMAT = "dwarf-with-dsym";
				ENABLE_NS_ASSERTIONS = NO;
				ENABLE_STRICT_OBJC_MSGSEND = YES;
				GCC_C_LANGUAGE_STANDARD = gnu99;
				GCC_NO_COMMON_BLOCKS = YES;
				GCC_WARN_64_TO_32_BIT_CONVERSION = YES;
				GCC_WARN_ABOUT_RETURN_TYPE = YES_ERROR;
				GCC_WARN_UNINITIALIZED_AUTOS = YES_AGGRESSIVE;
				IBSC_MODULE = MPD_js_WatchKit_Extension;
				INFOPLIST_FILE = "MPD js WatchKit App/Info.plist";
				IPHONEOS_DEPLOYMENT_TARGET = 8.2;
				MTL_ENABLE_DEBUG_INFO = NO;
				PRODUCT_NAME = "$(TARGET_NAME)";
				SKIP_INSTALL = YES;
				TARGETED_DEVICE_FAMILY = 4;
				"TARGETED_DEVICE_FAMILY[sdk=iphonesimulator*]" = "1,4";
				VALIDATE_PRODUCT = YES;
			};
			name = Release;
		};
		C01FCF4F08A954540054247B /* Debug */ = {
			isa = XCBuildConfiguration;
			buildSettings = {
				CLANG_ENABLE_OBJC_ARC = YES;
				CLANG_WARN_BOOL_CONVERSION = YES;
				CLANG_WARN_CONSTANT_CONVERSION = YES;
				CLANG_WARN_EMPTY_BODY = YES;
				CLANG_WARN_ENUM_CONVERSION = YES;
				CLANG_WARN_INT_CONVERSION = YES;
				CLANG_WARN__DUPLICATE_METHOD_MATCH = YES;
				"CODE_SIGN_IDENTITY[sdk=iphoneos*]" = "iPhone Developer";
				COPY_PHASE_STRIP = NO;
				EMBEDDED_CONTENT_CONTAINS_SWIFT = YES;
				GCC_C_LANGUAGE_STANDARD = c99;
				GCC_THUMB_SUPPORT = NO;
				GCC_VERSION = "";
				GCC_WARN_ABOUT_RETURN_TYPE = YES;
				GCC_WARN_UNDECLARED_SELECTOR = YES;
				GCC_WARN_UNINITIALIZED_AUTOS = YES;
				GCC_WARN_UNUSED_FUNCTION = YES;
				GCC_WARN_UNUSED_VARIABLE = YES;
				HEADER_SEARCH_PATHS = (
					"\"$(TARGET_BUILD_DIR)/usr/local/lib/include\"",
					"\"$(OBJROOT)/UninstalledProducts/include\"",
					"\"$(BUILT_PRODUCTS_DIR)\"",
				);
				IPHONEOS_DEPLOYMENT_TARGET = 7.0;
				ONLY_ACTIVE_ARCH = YES;
				OTHER_LDFLAGS = (
					"-weak_framework",
					CoreFoundation,
					"-weak_framework",
					UIKit,
					"-weak_framework",
					AVFoundation,
					"-weak_framework",
					CoreMedia,
					"-weak-lSystem",
					"-force_load",
					"\"$(BUILT_PRODUCTS_DIR)/libCordova.a\"",
					"-ObjC",
				);
				SDKROOT = iphoneos;
				SKIP_INSTALL = NO;
				STRIP_INSTALLED_PRODUCT = NO;
				USER_HEADER_SEARCH_PATHS = "";
			};
			name = Debug;
		};
		C01FCF5008A954540054247B /* Release */ = {
			isa = XCBuildConfiguration;
			buildSettings = {
				CLANG_ENABLE_OBJC_ARC = YES;
				CLANG_WARN_BOOL_CONVERSION = YES;
				CLANG_WARN_CONSTANT_CONVERSION = YES;
				CLANG_WARN_EMPTY_BODY = YES;
				CLANG_WARN_ENUM_CONVERSION = YES;
				CLANG_WARN_INT_CONVERSION = YES;
				CLANG_WARN__DUPLICATE_METHOD_MATCH = YES;
				"CODE_SIGN_IDENTITY[sdk=iphoneos*]" = "iPhone Developer";
				COPY_PHASE_STRIP = NO;
				EMBEDDED_CONTENT_CONTAINS_SWIFT = YES;
				GCC_C_LANGUAGE_STANDARD = c99;
				GCC_THUMB_SUPPORT = NO;
				GCC_VERSION = "";
				GCC_WARN_ABOUT_RETURN_TYPE = YES;
				GCC_WARN_UNDECLARED_SELECTOR = YES;
				GCC_WARN_UNINITIALIZED_AUTOS = YES;
				GCC_WARN_UNUSED_FUNCTION = YES;
				GCC_WARN_UNUSED_VARIABLE = YES;
				HEADER_SEARCH_PATHS = (
					"\"$(TARGET_BUILD_DIR)/usr/local/lib/include\"",
					"\"$(OBJROOT)/UninstalledProducts/include\"",
					"\"$(BUILT_PRODUCTS_DIR)\"",
				);
				IPHONEOS_DEPLOYMENT_TARGET = 7.0;
				OTHER_LDFLAGS = (
					"-weak_framework",
					CoreFoundation,
					"-weak_framework",
					UIKit,
					"-weak_framework",
					AVFoundation,
					"-weak_framework",
					CoreMedia,
					"-weak-lSystem",
					"-force_load",
					"\"$(BUILT_PRODUCTS_DIR)/libCordova.a\"",
					"-ObjC",
				);
				SDKROOT = iphoneos;
				SKIP_INSTALL = NO;
				STRIP_INSTALLED_PRODUCT = NO;
				USER_HEADER_SEARCH_PATHS = "";
			};
			name = Release;
		};
/* End XCBuildConfiguration section */

/* Begin XCConfigurationList section */
		1D6058960D05DD3E006BFB54 /* Build configuration list for PBXNativeTarget "MPD js" */ = {
			isa = XCConfigurationList;
			buildConfigurations = (
				1D6058940D05DD3E006BFB54 /* Debug */,
				1D6058950D05DD3E006BFB54 /* Release */,
			);
			defaultConfigurationIsVisible = 0;
			defaultConfigurationName = Release;
		};
		2FB7CDB31B480494001EFFD2 /* Build configuration list for PBXNativeTarget "MPD js WatchKit App" */ = {
			isa = XCConfigurationList;
			buildConfigurations = (
				2FB7CDB11B480494001EFFD2 /* Debug */,
				2FB7CDB21B480494001EFFD2 /* Release */,
			);
			defaultConfigurationIsVisible = 0;
			defaultConfigurationName = Release;
		};
		2FB7CDB41B480494001EFFD2 /* Build configuration list for PBXNativeTarget "MPD js WatchKit Extension" */ = {
			isa = XCConfigurationList;
			buildConfigurations = (
				2FB7CDAF1B480494001EFFD2 /* Debug */,
				2FB7CDB01B480494001EFFD2 /* Release */,
			);
			defaultConfigurationIsVisible = 0;
			defaultConfigurationName = Release;
		};
		C01FCF4E08A954540054247B /* Build configuration list for PBXProject "MPD js" */ = {
			isa = XCConfigurationList;
			buildConfigurations = (
				C01FCF4F08A954540054247B /* Debug */,
				C01FCF5008A954540054247B /* Release */,
			);
			defaultConfigurationIsVisible = 0;
			defaultConfigurationName = Release;
		};
/* End XCConfigurationList section */
	};
	rootObject = 29B97313FDCFA39411CA2CEA /* Project object */;
}
